PODS:
  - GPUImage (0.1.7)
  - Masonry (1.1.0)
  - MBProgressHUD (1.1.0)
  - YYCache (1.0.4)
  - YYImage (1.0.4):
    - YYImage/Core (= 1.0.4)
  - YYImage/Core (1.0.4)
  - YYModel (1.0.4)
  - YYWebImage (1.0.5):
    - YYCache
    - YYImage

DEPENDENCIES:
  - GPUImage
  - Masonry
  - MBProgressHUD
  - YYImage
  - YYModel
  - YYWebImage

SPEC REPOS:
  https://github.com/CocoaPods/Specs.git:
    - GPUImage
    - Masonry
    - MBProgressHUD
    - YYCache
    - YYImage
    - YYModel
    - YYWebImage

SPEC CHECKSUMS:
  GPUImage: 733a5f0fab92df9de1c37ba9df520a833ccb406d
  Masonry: 678fab65091a9290e40e2832a55e7ab731aad201
  MBProgressHUD: e7baa36a220447d8aeb12769bf0585582f3866d9
  YYCache: 8105b6638f5e849296c71f331ff83891a4942952
  YYImage: 1e1b62a9997399593e4b9c4ecfbbabbf1d3f3b54
  YYModel: 2a7fdd96aaa4b86a824e26d0c517de8928c04b30
  YYWebImage: 5f7f36aee2ae293f016d418c7d6ba05c4863e928

PODFILE CHECKSUM: b400933f5b26aee061a3055185a9866897951c9e

COCOAPODS: 1.9.1
